
Microsoft Visual Studio Solution File, Format Version 12.00
# Visual Studio Version 16
VisualStudioVersion = 16.0.30621.155
MinimumVisualStudioVersion = 10.0.40219.1
Project("{8BC9CEB8-8B4A-11D0-8D11-00A0C91BC942}") = "opengl", "opengl.vcxproj", "{EF785090-1597-4F82-A870-07B40B3180E1}"
EndProject
Global
	GlobalSection(SolutionConfigurationPlatforms) = preSolution
		Debug|x64 = Debug|x64
		Debug|x86 = Debug|x86
		Release|x64 = Release|x64
		Release|x86 = Release|x86
	EndGlobalSection
	GlobalSection(ProjectConfigurationPlatforms) = postSolution
		{EF785090-1597-4F82-A870-07B40B3180E1}.Debug|x64.ActiveCfg = Debug|x64
		{EF785090-1597-4F82-A870-07B40B3180E1}.Debug|x64.Build.0 = Debug|x64
		{EF785090-1597-4F82-A870-07B40B3180E1}.Debug|x86.ActiveCfg = Debug|Win32
		{EF785090-1597-4F82-A870-07B40B3180E1}.Debug|x86.Build.0 = Debug|Win32
		{EF785090-1597-4F82-A870-07B40B3180E1}.Release|x64.ActiveCfg = Release|x64
		{EF785090-1597-4F82-A870-07B40B3180E1}.Release|x64.Build.0 = Release|x64
		{EF785090-1597-4F82-A870-07B40B3180E1}.Release|x86.ActiveCfg = Release|Win32
		{EF785090-1597-4F82-A870-07B40B3180E1}.Release|x86.Build.0 = Release|Win32
	EndGlobalSection
	GlobalSection(SolutionProperties) = preSolution
		HideSolutionNode = FALSE
	EndGlobalSection
	GlobalSection(ExtensibilityGlobals) = postSolution
		SolutionGuid = {F9570A8D-C376-45C9-83E1-E4528C3CCD37}
	EndGlobalSection
EndGlobal
